
Microsoft Visual Studio Solution File, Format Version 12.00
# Visual Studio Version 16
VisualStudioVersion = 16.0.30523.141
MinimumVisualStudioVersion = 10.0.40219.1
Project("{FAE04EC0-301F-11D3-BF4B-00C04F79EFBC}") = "LocCar1", "LocCar1\LocCar1.csproj", "{9466F804-FAC7-44DD-8A95-E1D497CAD493}"
EndProject
Global
	GlobalSection(SolutionConfigurationPlatforms) = preSolution
		Debug|Any CPU = Debug|Any CPU
		Release|Any CPU = Release|Any CPU
	EndGlobalSection
	GlobalSection(ProjectConfigurationPlatforms) = postSolution
		{9466F804-FAC7-44DD-8A95-E1D497CAD493}.Debug|Any CPU.ActiveCfg = Debug|Any CPU
		{9466F804-FAC7-44DD-8A95-E1D497CAD493}.Debug|Any CPU.Build.0 = Debug|Any CPU
		{9466F804-FAC7-44DD-8A95-E1D497CAD493}.Release|Any CPU.ActiveCfg = Release|Any CPU
		{9466F804-FAC7-44DD-8A95-E1D497CAD493}.Release|Any CPU.Build.0 = Release|Any CPU
	EndGlobalSection
	GlobalSection(SolutionProperties) = preSolution
		HideSolutionNode = FALSE
	EndGlobalSection
	GlobalSection(ExtensibilityGlobals) = postSolution
		SolutionGuid = {E1013A33-861C-492D-9878-20F316F4F86C}
	EndGlobalSection
EndGlobal
