
Microsoft Visual Studio Solution File, Format Version 12.00
# Visual Studio Version 16
VisualStudioVersion = 16.0.30523.141
MinimumVisualStudioVersion = 10.0.40219.1
Project("{FAE04EC0-301F-11D3-BF4B-00C04F79EFBC}") = "HR", "HR\HR.csproj", "{AA0E936D-3621-47EB-8774-70A912E195A9}"
EndProject
Global
	GlobalSection(SolutionConfigurationPlatforms) = preSolution
		Debug|Any CPU = Debug|Any CPU
		Release|Any CPU = Release|Any CPU
	EndGlobalSection
	GlobalSection(ProjectConfigurationPlatforms) = postSolution
		{AA0E936D-3621-47EB-8774-70A912E195A9}.Debug|Any CPU.ActiveCfg = Debug|Any CPU
		{AA0E936D-3621-47EB-8774-70A912E195A9}.Debug|Any CPU.Build.0 = Debug|Any CPU
		{AA0E936D-3621-47EB-8774-70A912E195A9}.Release|Any CPU.ActiveCfg = Release|Any CPU
		{AA0E936D-3621-47EB-8774-70A912E195A9}.Release|Any CPU.Build.0 = Release|Any CPU
	EndGlobalSection
	GlobalSection(SolutionProperties) = preSolution
		HideSolutionNode = FALSE
	EndGlobalSection
	GlobalSection(ExtensibilityGlobals) = postSolution
		SolutionGuid = {305B8EFF-7C3A-4DDF-8121-1078C2FAD4C7}
	EndGlobalSection
EndGlobal
