
Microsoft Visual Studio Solution File, Format Version 12.00
# Visual Studio Version 16
VisualStudioVersion = 16.0.30523.141
MinimumVisualStudioVersion = 10.0.40219.1
Project("{FAE04EC0-301F-11D3-BF4B-00C04F79EFBC}") = "Primeiro", "Primeiro\Primeiro.csproj", "{9157B3ED-4029-4F94-8E5F-7D9D91628805}"
EndProject
Global
	GlobalSection(SolutionConfigurationPlatforms) = preSolution
		Debug|Any CPU = Debug|Any CPU
		Release|Any CPU = Release|Any CPU
	EndGlobalSection
	GlobalSection(ProjectConfigurationPlatforms) = postSolution
		{9157B3ED-4029-4F94-8E5F-7D9D91628805}.Debug|Any CPU.ActiveCfg = Debug|Any CPU
		{9157B3ED-4029-4F94-8E5F-7D9D91628805}.Debug|Any CPU.Build.0 = Debug|Any CPU
		{9157B3ED-4029-4F94-8E5F-7D9D91628805}.Release|Any CPU.ActiveCfg = Release|Any CPU
		{9157B3ED-4029-4F94-8E5F-7D9D91628805}.Release|Any CPU.Build.0 = Release|Any CPU
	EndGlobalSection
	GlobalSection(SolutionProperties) = preSolution
		HideSolutionNode = FALSE
	EndGlobalSection
	GlobalSection(ExtensibilityGlobals) = postSolution
		SolutionGuid = {E23E5655-52E6-4252-8599-123B2A7A4102}
	EndGlobalSection
EndGlobal
